
Microsoft Visual Studio Solution File, Format Version 12.00
# Visual Studio 15
VisualStudioVersion = 15.0.26430.6
MinimumVisualStudioVersion = 10.0.40219.1
Project("{FAE04EC0-301F-11D3-BF4B-00C04F79EFBC}") = "Kyeer_UI", "Kyeer\Kyeer_UI.csproj", "{C26DE33D-CB5D-436B-9E7E-9EECB9263809}"
	ProjectSection(ProjectDependencies) = postProject
		{96B42FD4-6974-4616-8186-E98378A37073} = {96B42FD4-6974-4616-8186-E98378A37073}
	EndProjectSection
EndProject
Project("{FAE04EC0-301F-11D3-BF4B-00C04F79EFBC}") = "Plugin_Test", "Plugin_Test\Plugin_Test.csproj", "{A3A838FD-1FAF-4D22-8880-52AF15B791B0}"
EndProject
Project("{FAE04EC0-301F-11D3-BF4B-00C04F79EFBC}") = "Kyeer_Plugin_Interface", "Kyeer_Plugin_Interface\Kyeer_Plugin_Interface.csproj", "{920FFD34-14E2-4F88-AA2A-8764DD6E03E9}"
EndProject
Project("{FAE04EC0-301F-11D3-BF4B-00C04F79EFBC}") = "DesktopCleaner", "DesktopCleaner\DesktopCleaner.csproj", "{96B42FD4-6974-4616-8186-E98378A37073}"
EndProject
Project("{FAE04EC0-301F-11D3-BF4B-00C04F79EFBC}") = "FileWatcherTest", "FileWatcherTest\FileWatcherTest.csproj", "{D1FFD552-2A8C-414C-B9B3-2C4FA7BF5B8C}"
EndProject
Global
	GlobalSection(SolutionConfigurationPlatforms) = preSolution
		Debug|Any CPU = Debug|Any CPU
		Release|Any CPU = Release|Any CPU
	EndGlobalSection
	GlobalSection(ProjectConfigurationPlatforms) = postSolution
		{C26DE33D-CB5D-436B-9E7E-9EECB9263809}.Debug|Any CPU.ActiveCfg = Debug|Any CPU
		{C26DE33D-CB5D-436B-9E7E-9EECB9263809}.Debug|Any CPU.Build.0 = Debug|Any CPU
		{C26DE33D-CB5D-436B-9E7E-9EECB9263809}.Release|Any CPU.ActiveCfg = Release|Any CPU
		{C26DE33D-CB5D-436B-9E7E-9EECB9263809}.Release|Any CPU.Build.0 = Release|Any CPU
		{A3A838FD-1FAF-4D22-8880-52AF15B791B0}.Debug|Any CPU.ActiveCfg = Debug|Any CPU
		{A3A838FD-1FAF-4D22-8880-52AF15B791B0}.Debug|Any CPU.Build.0 = Debug|Any CPU
		{A3A838FD-1FAF-4D22-8880-52AF15B791B0}.Release|Any CPU.ActiveCfg = Release|Any CPU
		{A3A838FD-1FAF-4D22-8880-52AF15B791B0}.Release|Any CPU.Build.0 = Release|Any CPU
		{920FFD34-14E2-4F88-AA2A-8764DD6E03E9}.Debug|Any CPU.ActiveCfg = Debug|Any CPU
		{920FFD34-14E2-4F88-AA2A-8764DD6E03E9}.Debug|Any CPU.Build.0 = Debug|Any CPU
		{920FFD34-14E2-4F88-AA2A-8764DD6E03E9}.Release|Any CPU.ActiveCfg = Release|Any CPU
		{920FFD34-14E2-4F88-AA2A-8764DD6E03E9}.Release|Any CPU.Build.0 = Release|Any CPU
		{96B42FD4-6974-4616-8186-E98378A37073}.Debug|Any CPU.ActiveCfg = Debug|Any CPU
		{96B42FD4-6974-4616-8186-E98378A37073}.Debug|Any CPU.Build.0 = Debug|Any CPU
		{96B42FD4-6974-4616-8186-E98378A37073}.Release|Any CPU.ActiveCfg = Release|Any CPU
		{96B42FD4-6974-4616-8186-E98378A37073}.Release|Any CPU.Build.0 = Release|Any CPU
		{D1FFD552-2A8C-414C-B9B3-2C4FA7BF5B8C}.Debug|Any CPU.ActiveCfg = Debug|Any CPU
		{D1FFD552-2A8C-414C-B9B3-2C4FA7BF5B8C}.Debug|Any CPU.Build.0 = Debug|Any CPU
		{D1FFD552-2A8C-414C-B9B3-2C4FA7BF5B8C}.Release|Any CPU.ActiveCfg = Release|Any CPU
		{D1FFD552-2A8C-414C-B9B3-2C4FA7BF5B8C}.Release|Any CPU.Build.0 = Release|Any CPU
	EndGlobalSection
	GlobalSection(SolutionProperties) = preSolution
		HideSolutionNode = FALSE
	EndGlobalSection
EndGlobal
